# This file is autogenerated, do not edit; changes may be undone by the next 'dep ensure'.


[[projects]]
  digest = "1:b87714e57a511d88f307aba7d5b63522da12bed0a050889c81272fc50f71100e"
  name = "github.com/blend/go-jmespath"
  packages = ["."]
  pruneopts = "UT"
  revision = "3433f3ea46d9f8019119e7dd41274e112a2359a9"
  version = "0.2.2"

[[projects]]
  digest = "1:9a93084957b4ce36c53aa598e1a8b526be426aa6caf6ad11ed88f9a660c7c9cf"
  name = "github.com/blend/go-sdk"
  packages = [
    "async",
    "collections",
    "env",
    "exception",
    "graceful",
    "jwt",
    "logger",
    "semver",
    "template",
    "util",
    "uuid",
    "web",
    "webutil",
    "yaml",
  ]
  pruneopts = "UT"
  revision = "38931861c0112b8a97f72cb41c5840840e983692"
  version = "v0.3.1"

[[projects]]
  digest = "1:f9d8a53178084b61b0c770dbc359956c75ca2ab5d0e5482508f879d353363c36"
  name = "github.com/blendlabs/go-exception"
  packages = ["."]
  pruneopts = "UT"
  revision = "9dae8754a473cc68abd8362fbca5c523e98426d2"
  version = "v1.4.0"

[[projects]]
  digest = "1:b9ab17456fce49d6f60b23dc61a1ab60898db255deba6ecf118d4b512564edc9"
  name = "github.com/blendlabs/go-logger"
  packages = ["."]
  pruneopts = "UT"
  revision = "c5f4bfc3750cc651a07334a6f7d365dba57e523f"
  version = "v1.4.0"

[[projects]]
  digest = "1:a863d9125908331f3fbfa26df515b8e513836a733c0b95086c82bd30e548e450"
  name = "github.com/blendlabs/go-util"
  packages = [
    ".",
    "env",
  ]
  pruneopts = "UT"
  revision = "b80b9c02b42db9b82469796462c03405f0ab9582"
  version = "v1.4.0"

[solve-meta]
  analyzer-name = "dep"
  analyzer-version = 1
  input-imports = [
    "github.com/blend/go-sdk/web",
    "github.com/blendlabs/go-logger",
  ]
  solver-name = "gps-cdcl"
  solver-version = 1
